// !$*UTF8*$!
{
	archiveVersion = 1;
	classes = {
	};
	objectVersion = 56;
	objects = {

/* Begin PBXBuildFile section */
		4D623ECF2BEC64BC004777E5 /* UsePackageApp.swift in Sources */ = {isa = PBXBuildFile; fileRef = 4D623ECE2BEC64BC004777E5 /* UsePackageApp.swift */; };
		4D623ED12BEC64BC004777E5 /* ContentView.swift in Sources */ = {isa = PBXBuildFile; fileRef = 4D623ED02BEC64BC004777E5 /* ContentView.swift */; };
		4D623ED32BEC64BE004777E5 /* Assets.xcassets in Resources */ = {isa = PBXBuildFile; fileRef = 4D623ED22BEC64BE004777E5 /* Assets.xcassets */; };
		4D623ED62BEC64BE004777E5 /* Preview Assets.xcassets in Resources */ = {isa = PBXBuildFile; fileRef = 4D623ED52BEC64BE004777E5 /* Preview Assets.xcassets */; };
		4D623EE02BEC64BE004777E5 /* UsePackageTests.swift in Sources */ = {isa = PBXBuildFile; fileRef = 4D623EDF2BEC64BE004777E5 /* UsePackageTests.swift */; };
		4D623EEA2BEC64BE004777E5 /* UsePackageUITests.swift in Sources */ = {isa = PBXBuildFile; fileRef = 4D623EE92BEC64BE004777E5 /* UsePackageUITests.swift */; };
		4D623EEC2BEC64BE004777E5 /* UsePackageUITestsLaunchTests.swift in Sources */ = {isa = PBXBuildFile; fileRef = 4D623EEB2BEC64BE004777E5 /* UsePackageUITestsLaunchTests.swift */; };
/* End PBXBuildFile section */

/* Begin PBXContainerItemProxy section */
		4D623EDC2BEC64BE004777E5 /* PBXContainerItemProxy */ = {
			isa = PBXContainerItemProxy;
			containerPortal = 4D623EC32BEC64BC004777E5 /* Project object */;
			proxyType = 1;
			remoteGlobalIDString = 4D623ECA2BEC64BC004777E5;
			remoteInfo = UsePackage;
		};
		4D623EE62BEC64BE004777E5 /* PBXContainerItemProxy */ = {
			isa = PBXContainerItemProxy;
			containerPortal = 4D623EC32BEC64BC004777E5 /* Project object */;
			proxyType = 1;
			remoteGlobalIDString = 4D623ECA2BEC64BC004777E5;
			remoteInfo = UsePackage;
		};
/* End PBXContainerItemProxy section */

/* Begin PBXFileReference section */
		4D623ECB2BEC64BC004777E5 /* UsePackage.app */ = {isa = PBXFileReference; explicitFileType = wrapper.application; includeInIndex = 0; path = UsePackage.app; sourceTree = BUILT_PRODUCTS_DIR; };
		4D623ECE2BEC64BC004777E5 /* UsePackageApp.swift */ = {isa = PBXFileReference; lastKnownFileType = sourcecode.swift; path = UsePackageApp.swift; sourceTree = "<group>"; };
		4D623ED02BEC64BC004777E5 /* ContentView.swift */ = {isa = PBXFileReference; lastKnownFileType = sourcecode.swift; path = ContentView.swift; sourceTree = "<group>"; };
		4D623ED22BEC64BE004777E5 /* Assets.xcassets */ = {isa = PBXFileReference; lastKnownFileType = folder.assetcatalog; path = Assets.xcassets; sourceTree = "<group>"; };
		4D623ED52BEC64BE004777E5 /* Preview Assets.xcassets */ = {isa = PBXFileReference; lastKnownFileType = folder.assetcatalog; path = "Preview Assets.xcassets"; sourceTree = "<group>"; };
		4D623EDB2BEC64BE004777E5 /* UsePackageTests.xctest */ = {isa = PBXFileReference; explicitFileType = wrapper.cfbundle; includeInIndex = 0; path = UsePackageTests.xctest; sourceTree = BUILT_PRODUCTS_DIR; };
		4D623EDF2BEC64BE004777E5 /* UsePackageTests.swift */ = {isa = PBXFileReference; lastKnownFileType = sourcecode.swift; path = UsePackageTests.swift; sourceTree = "<group>"; };
		4D623EE52BEC64BE004777E5 /* UsePackageUITests.xctest */ = {isa = PBXFileReference; explicitFileType = wrapper.cfbundle; includeInIndex = 0; path = UsePackageUITests.xctest; sourceTree = BUILT_PRODUCTS_DIR; };
		4D623EE92BEC64BE004777E5 /* UsePackageUITests.swift */ = {isa = PBXFileReference; lastKnownFileType = sourcecode.swift; path = UsePackageUITests.swift; sourceTree = "<group>"; };
		4D623EEB2BEC64BE004777E5 /* UsePackageUITestsLaunchTests.swift */ = {isa = PBXFileReference; lastKnownFileType = sourcecode.swift; path = UsePackageUITestsLaunchTests.swift; sourceTree = "<group>"; };
/* End PBXFileReference section */

/* Begin PBXFrameworksBuildPhase section */
		4D623EC82BEC64BC004777E5 /* Frameworks */ = {
			isa = PBXFrameworksBuildPhase;
			buildActionMask = 2147483647;
			files = (
			);
			runOnlyForDeploymentPostprocessing = 0;
		};
		4D623ED82BEC64BE004777E5 /* Frameworks */ = {
			isa = PBXFrameworksBuildPhase;
			buildActionMask = 2147483647;
			files = (
			);
			runOnlyForDeploymentPostprocessing = 0;
		};
		4D623EE22BEC64BE004777E5 /* Frameworks */ = {
			isa = PBXFrameworksBuildPhase;
			buildActionMask = 2147483647;
			files = (
			);
			runOnlyForDeploymentPostprocessing = 0;
		};
/* End PBXFrameworksBuildPhase section */

/* Begin PBXGroup section */
		4D623EC22BEC64BC004777E5 = {
			isa = PBXGroup;
			children = (
				4D623ECD2BEC64BC004777E5 /* UsePackage */,
				4D623EDE2BEC64BE004777E5 /* UsePackageTests */,
				4D623EE82BEC64BE004777E5 /* UsePackageUITests */,
				4D623ECC2BEC64BC004777E5 /* Products */,
			);
			sourceTree = "<group>";
		};
		4D623ECC2BEC64BC004777E5 /* Products */ = {
			isa = PBXGroup;
			children = (
				4D623ECB2BEC64BC004777E5 /* UsePackage.app */,
				4D623EDB2BEC64BE004777E5 /* UsePackageTests.xctest */,
				4D623EE52BEC64BE004777E5 /* UsePackageUITests.xctest */,
			);
			name = Products;
			sourceTree = "<group>";
		};
		4D623ECD2BEC64BC004777E5 /* UsePackage */ = {
			isa = PBXGroup;
			children = (
				4D623ECE2BEC64BC004777E5 /* UsePackageApp.swift */,
				4D623ED02BEC64BC004777E5 /* ContentView.swift */,
				4D623ED22BEC64BE004777E5 /* Assets.xcassets */,
				4D623ED42BEC64BE004777E5 /* Preview Content */,
			);
			path = UsePackage;
			sourceTree = "<group>";
		};
		4D623ED42BEC64BE004777E5 /* Preview Content */ = {
			isa = PBXGroup;
			children = (
				4D623ED52BEC64BE004777E5 /* Preview Assets.xcassets */,
			);
			path = "Preview Content";
			sourceTree = "<group>";
		};
		4D623EDE2BEC64BE004777E5 /* UsePackageTests */ = {
			isa = PBXGroup;
			children = (
				4D623EDF2BEC64BE004777E5 /* UsePackageTests.swift */,
			);
			path = UsePackageTests;
			sourceTree = "<group>";
		};
		4D623EE82BEC64BE004777E5 /* UsePackageUITests */ = {
			isa = PBXGroup;
			children = (
				4D623EE92BEC64BE004777E5 /* UsePackageUITests.swift */,
				4D623EEB2BEC64BE004777E5 /* UsePackageUITestsLaunchTests.swift */,
			);
			path = UsePackageUITests;
			sourceTree = "<group>";
		};
/* End PBXGroup section */

/* Begin PBXNativeTarget section */
		4D623ECA2BEC64BC004777E5 /* UsePackage */ = {
			isa = PBXNativeTarget;
			buildConfigurationList = 4D623EEF2BEC64BE004777E5 /* Build configuration list for PBXNativeTarget "UsePackage" */;
			buildPhases = (
				4D623EC72BEC64BC004777E5 /* Sources */,
				4D623EC82BEC64BC004777E5 /* Frameworks */,
				4D623EC92BEC64BC004777E5 /* Resources */,
			);
			buildRules = (
			);
			dependencies = (
			);
			name = UsePackage;
			productName = UsePackage;
			productReference = 4D623ECB2BEC64BC004777E5 /* UsePackage.app */;
			productType = "com.apple.product-type.application";
		};
		4D623EDA2BEC64BE004777E5 /* UsePackageTests */ = {
			isa = PBXNativeTarget;
			buildConfigurationList = 4D623EF22BEC64BE004777E5 /* Build configuration list for PBXNativeTarget "UsePackageTests" */;
			buildPhases = (
				4D623ED72BEC64BE004777E5 /* Sources */,
				4D623ED82BEC64BE004777E5 /* Frameworks */,
				4D623ED92BEC64BE004777E5 /* Resources */,
			);
			buildRules = (
			);
			dependencies = (
				4D623EDD2BEC64BE004777E5 /* PBXTargetDependency */,
			);
			name = UsePackageTests;
			productName = UsePackageTests;
			productReference = 4D623EDB2BEC64BE004777E5 /* UsePackageTests.xctest */;
			productType = "com.apple.product-type.bundle.unit-test";
		};
		4D623EE42BEC64BE004777E5 /* UsePackageUITests */ = {
			isa = PBXNativeTarget;
			buildConfigurationList = 4D623EF52BEC64BE004777E5 /* Build configuration list for PBXNativeTarget "UsePackageUITests" */;
			buildPhases = (
				4D623EE12BEC64BE004777E5 /* Sources */,
				4D623EE22BEC64BE004777E5 /* Frameworks */,
				4D623EE32BEC64BE004777E5 /* Resources */,
			);
			buildRules = (
			);
			dependencies = (
				4D623EE72BEC64BE004777E5 /* PBXTargetDependency */,
			);
			name = UsePackageUITests;
			productName = UsePackageUITests;
			productReference = 4D623EE52BEC64BE004777E5 /* UsePackageUITests.xctest */;
			productType = "com.apple.product-type.bundle.ui-testing";
		};
/* End PBXNativeTarget section */

/* Begin PBXProject section */
		4D623EC32BEC64BC004777E5 /* Project object */ = {
			isa = PBXProject;
			attributes = {
				BuildIndependentTargetsInParallel = 1;
				LastSwiftUpdateCheck = 1530;
				LastUpgradeCheck = 1530;
				TargetAttributes = {
					4D623ECA2BEC64BC004777E5 = {
						CreatedOnToolsVersion = 15.3;
					};
					4D623EDA2BEC64BE004777E5 = {
						CreatedOnToolsVersion = 15.3;
						TestTargetID = 4D623ECA2BEC64BC004777E5;
					};
					4D623EE42BEC64BE004777E5 = {
						CreatedOnToolsVersion = 15.3;
						TestTargetID = 4D623ECA2BEC64BC004777E5;
					};
				};
			};
			buildConfigurationList = 4D623EC62BEC64BC004777E5 /* Build configuration list for PBXProject "UsePackage" */;
			compatibilityVersion = "Xcode 14.0";
			developmentRegion = en;
			hasScannedForEncodings = 0;
			knownRegions = (
				en,
				Base,
			);
			mainGroup = 4D623EC22BEC64BC004777E5;
			productRefGroup = 4D623ECC2BEC64BC004777E5 /* Products */;
			projectDirPath = "";
			projectRoot = "";
			targets = (
				4D623ECA2BEC64BC004777E5 /* UsePackage */,
				4D623EDA2BEC64BE004777E5 /* UsePackageTests */,
				4D623EE42BEC64BE004777E5 /* UsePackageUITests */,
			);
		};
/* End PBXProject section */

/* Begin PBXResourcesBuildPhase section */
		4D623EC92BEC64BC004777E5 /* Resources */ = {
			isa = PBXResourcesBuildPhase;
			buildActionMask = 2147483647;
			files = (
				4D623ED62BEC64BE004777E5 /* Preview Assets.xcassets in Resources */,
				4D623ED32BEC64BE004777E5 /* Assets.xcassets in Resources */,
			);
			runOnlyForDeploymentPostprocessing = 0;
		};
		4D623ED92BEC64BE004777E5 /* Resources */ = {
			isa = PBXResourcesBuildPhase;
			buildActionMask = 2147483647;
			files = (
			);
			runOnlyForDeploymentPostprocessing = 0;
		};
		4D623EE32BEC64BE004777E5 /* Resources */ = {
			isa = PBXResourcesBuildPhase;
			buildActionMask = 2147483647;
			files = (
			);
			runOnlyForDeploymentPostprocessing = 0;
		};
/* End PBXResourcesBuildPhase section */

/* Begin PBXSourcesBuildPhase section */
		4D623EC72BEC64BC004777E5 /* Sources */ = {
			isa = PBXSourcesBuildPhase;
			buildActionMask = 2147483647;
			files = (
				4D623ED12BEC64BC004777E5 /* ContentView.swift in Sources */,
				4D623ECF2BEC64BC004777E5 /* UsePackageApp.swift in Sources */,
			);
			runOnlyForDeploymentPostprocessing = 0;
		};
		4D623ED72BEC64BE004777E5 /* Sources */ = {
			isa = PBXSourcesBuildPhase;
			buildActionMask = 2147483647;
			files = (
				4D623EE02BEC64BE004777E5 /* UsePackageTests.swift in Sources */,
			);
			runOnlyForDeploymentPostprocessing = 0;
		};
		4D623EE12BEC64BE004777E5 /* Sources */ = {
			isa = PBXSourcesBuildPhase;
			buildActionMask = 2147483647;
			files = (
				4D623EEA2BEC64BE004777E5 /* UsePackageUITests.swift in Sources */,
				4D623EEC2BEC64BE004777E5 /* UsePackageUITestsLaunchTests.swift in Sources */,
			);
			runOnlyForDeploymentPostprocessing = 0;
		};
/* End PBXSourcesBuildPhase section */

/* Begin PBXTargetDependency section */
		4D623EDD2BEC64BE004777E5 /* PBXTargetDependency */ = {
			isa = PBXTargetDependency;
			target = 4D623ECA2BEC64BC004777E5 /* UsePackage */;
			targetProxy = 4D623EDC2BEC64BE004777E5 /* PBXContainerItemProxy */;
		};
		4D623EE72BEC64BE004777E5 /* PBXTargetDependency */ = {
			isa = PBXTargetDependency;
			target = 4D623ECA2BEC64BC004777E5 /* UsePackage */;
			targetProxy = 4D623EE62BEC64BE004777E5 /* PBXContainerItemProxy */;
		};
/* End PBXTargetDependency section */

/* Begin XCBuildConfiguration section */
		4D623EED2BEC64BE004777E5 /* Debug */ = {
			isa = XCBuildConfiguration;
			buildSettings = {
				ALWAYS_SEARCH_USER_PATHS = NO;
				ASSETCATALOG_COMPILER_GENERATE_SWIFT_ASSET_SYMBOL_EXTENSIONS = YES;
				CLANG_ANALYZER_NONNULL = YES;
				CLANG_ANALYZER_NUMBER_OBJECT_CONVERSION = YES_AGGRESSIVE;
				CLANG_CXX_LANGUAGE_STANDARD = "gnu++20";
				CLANG_ENABLE_MODULES = YES;
				CLANG_ENABLE_OBJC_ARC = YES;
				CLANG_ENABLE_OBJC_WEAK = YES;
				CLANG_WARN_BLOCK_CAPTURE_AUTORELEASING = YES;
				CLANG_WARN_BOOL_CONVERSION = YES;
				CLANG_WARN_COMMA = YES;
				CLANG_WARN_CONSTANT_CONVERSION = YES;
				CLANG_WARN_DEPRECATED_OBJC_IMPLEMENTATIONS = YES;
				CLANG_WARN_DIRECT_OBJC_ISA_USAGE = YES_ERROR;
				CLANG_WARN_DOCUMENTATION_COMMENTS = YES;
				CLANG_WARN_EMPTY_BODY = YES;
				CLANG_WARN_ENUM_CONVERSION = YES;
				CLANG_WARN_INFINITE_RECURSION = YES;
				CLANG_WARN_INT_CONVERSION = YES;
				CLANG_WARN_NON_LITERAL_NULL_CONVERSION = YES;
				CLANG_WARN_OBJC_IMPLICIT_RETAIN_SELF = YES;
				CLANG_WARN_OBJC_LITERAL_CONVERSION = YES;
				CLANG_WARN_OBJC_ROOT_CLASS = YES_ERROR;
				CLANG_WARN_QUOTED_INCLUDE_IN_FRAMEWORK_HEADER = YES;
				CLANG_WARN_RANGE_LOOP_ANALYSIS = YES;
				CLANG_WARN_STRICT_PROTOTYPES = YES;
				CLANG_WARN_SUSPICIOUS_MOVE = YES;
				CLANG_WARN_UNGUARDED_AVAILABILITY = YES_AGGRESSIVE;
				CLANG_WARN_UNREACHABLE_CODE = YES;
				CLANG_WARN__DUPLICATE_METHOD_MATCH = YES;
				COPY_PHASE_STRIP = NO;
				DEBUG_INFORMATION_FORMAT = dwarf;
				ENABLE_STRICT_OBJC_MSGSEND = YES;
				ENABLE_TESTABILITY = YES;
				ENABLE_USER_SCRIPT_SANDBOXING = YES;
				GCC_C_LANGUAGE_STANDARD = gnu17;
				GCC_DYNAMIC_NO_PIC = NO;
				GCC_NO_COMMON_BLOCKS = YES;
				GCC_OPTIMIZATION_LEVEL = 0;
				GCC_PREPROCESSOR_DEFINITIONS = (
					"DEBUG=1",
					"$(inherited)",
				);
				GCC_WARN_64_TO_32_BIT_CONVERSION = YES;
				GCC_WARN_ABOUT_RETURN_TYPE = YES_ERROR;
				GCC_WARN_UNDECLARED_SELECTOR = YES;
				GCC_WARN_UNINITIALIZED_AUTOS = YES_AGGRESSIVE;
				GCC_WARN_UNUSED_FUNCTION = YES;
				GCC_WARN_UNUSED_VARIABLE = YES;
				IPHONEOS_DEPLOYMENT_TARGET = 17.4;
				LOCALIZATION_PREFERS_STRING_CATALOGS = YES;
				MTL_ENABLE_DEBUG_INFO = INCLUDE_SOURCE;
				MTL_FAST_MATH = YES;
				ONLY_ACTIVE_ARCH = YES;
				SDKROOT = iphoneos;
				SWIFT_ACTIVE_COMPILATION_CONDITIONS = "DEBUG $(inherited)";
				SWIFT_OPTIMIZATION_LEVEL = "-Onone";
			};
			name = Debug;
		};
		4D623EEE2BEC64BE004777E5 /* Release */ = {
			isa = XCBuildConfiguration;
			buildSettings = {
				ALWAYS_SEARCH_USER_PATHS = NO;
				ASSETCATALOG_COMPILER_GENERATE_SWIFT_ASSET_SYMBOL_EXTENSIONS = YES;
				CLANG_ANALYZER_NONNULL = YES;
				CLANG_ANALYZER_NUMBER_OBJECT_CONVERSION = YES_AGGRESSIVE;
				CLANG_CXX_LANGUAGE_STANDARD = "gnu++20";
				CLANG_ENABLE_MODULES = YES;
				CLANG_ENABLE_OBJC_ARC = YES;
				CLANG_ENABLE_OBJC_WEAK = YES;
				CLANG_WARN_BLOCK_CAPTURE_AUTORELEASING = YES;
				CLANG_WARN_BOOL_CONVERSION = YES;
				CLANG_WARN_COMMA = YES;
				CLANG_WARN_CONSTANT_CONVERSION = YES;
				CLANG_WARN_DEPRECATED_OBJC_IMPLEMENTATIONS = YES;
				CLANG_WARN_DIRECT_OBJC_ISA_USAGE = YES_ERROR;
				CLANG_WARN_DOCUMENTATION_COMMENTS = YES;
				CLANG_WARN_EMPTY_BODY = YES;
				CLANG_WARN_ENUM_CONVERSION = YES;
				CLANG_WARN_INFINITE_RECURSION = YES;
				CLANG_WARN_INT_CONVERSION = YES;
				CLANG_WARN_NON_LITERAL_NULL_CONVERSION = YES;
				CLANG_WARN_OBJC_IMPLICIT_RETAIN_SELF = YES;
				CLANG_WARN_OBJC_LITERAL_CONVERSION = YES;
				CLANG_WARN_OBJC_ROOT_CLASS = YES_ERROR;
				CLANG_WARN_QUOTED_INCLUDE_IN_FRAMEWORK_HEADER = YES;
				CLANG_WARN_RANGE_LOOP_ANALYSIS = YES;
				CLANG_WARN_STRICT_PROTOTYPES = YES;
				CLANG_WARN_SUSPICIOUS_MOVE = YES;
				CLANG_WARN_UNGUARDED_AVAILABILITY = YES_AGGRESSIVE;
				CLANG_WARN_UNREACHABLE_CODE = YES;
				CLANG_WARN__DUPLICATE_METHOD_MATCH = YES;
				COPY_PHASE_STRIP = NO;
				DEBUG_INFORMATION_FORMAT = "dwarf-with-dsym";
				ENABLE_NS_ASSERTIONS = NO;
				ENABLE_STRICT_OBJC_MSGSEND = YES;
				ENABLE_USER_SCRIPT_SANDBOXING = YES;
				GCC_C_LANGUAGE_STANDARD = gnu17;
				GCC_NO_COMMON_BLOCKS = YES;
				GCC_WARN_64_TO_32_BIT_CONVERSION = YES;
				GCC_WARN_ABOUT_RETURN_TYPE = YES_ERROR;
				GCC_WARN_UNDECLARED_SELECTOR = YES;
				GCC_WARN_UNINITIALIZED_AUTOS = YES_AGGRESSIVE;
				GCC_WARN_UNUSED_FUNCTION = YES;
				GCC_WARN_UNUSED_VARIABLE = YES;
				IPHONEOS_DEPLOYMENT_TARGET = 17.4;
				LOCALIZATION_PREFERS_STRING_CATALOGS = YES;
				MTL_ENABLE_DEBUG_INFO = NO;
				MTL_FAST_MATH = YES;
				SDKROOT = iphoneos;
				SWIFT_COMPILATION_MODE = wholemodule;
				VALIDATE_PRODUCT = YES;
			};
			name = Release;
		};
		4D623EF02BEC64BE004777E5 /* Debug */ = {
			isa = XCBuildConfiguration;
			buildSettings = {
				ASSETCATALOG_COMPILER_APPICON_NAME = AppIcon;
				ASSETCATALOG_COMPILER_GLOBAL_ACCENT_COLOR_NAME = AccentColor;
				CODE_SIGN_STYLE = Automatic;
				CURRENT_PROJECT_VERSION = 1;
				DEVELOPMENT_ASSET_PATHS = "\"UsePackage/Preview Content\"";
				DEVELOPMENT_TEAM = A48R25Y4D5;
				ENABLE_PREVIEWS = YES;
				GENERATE_INFOPLIST_FILE = YES;
				INFOPLIST_KEY_UIApplicationSceneManifest_Generation = YES;
				INFOPLIST_KEY_UIApplicationSupportsIndirectInputEvents = YES;
				INFOPLIST_KEY_UILaunchScreen_Generation = YES;
				INFOPLIST_KEY_UISupportedInterfaceOrientations_iPad = "UIInterfaceOrientationPortrait UIInterfaceOrientationPortraitUpsideDown UIInterfaceOrientationLandscapeLeft UIInterfaceOrientationLandscapeRight";
				INFOPLIST_KEY_UISupportedInterfaceOrientations_iPhone = "UIInterfaceOrientationPortrait UIInterfaceOrientationLandscapeLeft UIInterfaceOrientationLandscapeRight";
				LD_RUNPATH_SEARCH_PATHS = (
					"$(inherited)",
					"@executable_path/Frameworks",
				);
				MARKETING_VERSION = 1.0;
				PRODUCT_BUNDLE_IDENTIFIER = uk.co.silentflute.UsePackage;
				PRODUCT_NAME = "$(TARGET_NAME)";
				SWIFT_EMIT_LOC_STRINGS = YES;
				SWIFT_VERSION = 5.0;
				TARGETED_DEVICE_FAMILY = "1,2";
			};
			name = Debug;
		};
		4D623EF12BEC64BE004777E5 /* Release */ = {
			isa = XCBuildConfiguration;
			buildSettings = {
				ASSETCATALOG_COMPILER_APPICON_NAME = AppIcon;
				ASSETCATALOG_COMPILER_GLOBAL_ACCENT_COLOR_NAME = AccentColor;
				CODE_SIGN_STYLE = Automatic;
				CURRENT_PROJECT_VERSION = 1;
				DEVELOPMENT_ASSET_PATHS = "\"UsePackage/Preview Content\"";
				DEVELOPMENT_TEAM = A48R25Y4D5;
				ENABLE_PREVIEWS = YES;
				GENERATE_INFOPLIST_FILE = YES;
				INFOPLIST_KEY_UIApplicationSceneManifest_Generation = YES;
				INFOPLIST_KEY_UIApplicationSupportsIndirectInputEvents = YES;
				INFOPLIST_KEY_UILaunchScreen_Generation = YES;
				INFOPLIST_KEY_UISupportedInterfaceOrientations_iPad = "UIInterfaceOrientationPortrait UIInterfaceOrientationPortraitUpsideDown UIInterfaceOrientationLandscapeLeft UIInterfaceOrientationLandscapeRight";
				INFOPLIST_KEY_UISupportedInterfaceOrientations_iPhone = "UIInterfaceOrientationPortrait UIInterfaceOrientationLandscapeLeft UIInterfaceOrientationLandscapeRight";
				LD_RUNPATH_SEARCH_PATHS = (
					"$(inherited)",
					"@executable_path/Frameworks",
				);
				MARKETING_VERSION = 1.0;
				PRODUCT_BUNDLE_IDENTIFIER = uk.co.silentflute.UsePackage;
				PRODUCT_NAME = "$(TARGET_NAME)";
				SWIFT_EMIT_LOC_STRINGS = YES;
				SWIFT_VERSION = 5.0;
				TARGETED_DEVICE_FAMILY = "1,2";
			};
			name = Release;
		};
		4D623EF32BEC64BE004777E5 /* Debug */ = {
			isa = XCBuildConfiguration;
			buildSettings = {
				ALWAYS_EMBED_SWIFT_STANDARD_LIBRARIES = YES;
				BUNDLE_LOADER = "$(TEST_HOST)";
				CODE_SIGN_STYLE = Automatic;
				CURRENT_PROJECT_VERSION = 1;
				DEVELOPMENT_TEAM = A48R25Y4D5;
				GENERATE_INFOPLIST_FILE = YES;
				IPHONEOS_DEPLOYMENT_TARGET = 17.4;
				MARKETING_VERSION = 1.0;
				PRODUCT_BUNDLE_IDENTIFIER = uk.co.silentflute.UsePackageTests;
				PRODUCT_NAME = "$(TARGET_NAME)";
				SWIFT_EMIT_LOC_STRINGS = NO;
				SWIFT_VERSION = 5.0;
				TARGETED_DEVICE_FAMILY = "1,2";
				TEST_HOST = "$(BUILT_PRODUCTS_DIR)/UsePackage.app/$(BUNDLE_EXECUTABLE_FOLDER_PATH)/UsePackage";
			};
			name = Debug;
		};
		4D623EF42BEC64BE004777E5 /* Release */ = {
			isa = XCBuildConfiguration;
			buildSettings = {
				ALWAYS_EMBED_SWIFT_STANDARD_LIBRARIES = YES;
				BUNDLE_LOADER = "$(TEST_HOST)";
				CODE_SIGN_STYLE = Automatic;
				CURRENT_PROJECT_VERSION = 1;
				DEVELOPMENT_TEAM = A48R25Y4D5;
				GENERATE_INFOPLIST_FILE = YES;
				IPHONEOS_DEPLOYMENT_TARGET = 17.4;
				MARKETING_VERSION = 1.0;
				PRODUCT_BUNDLE_IDENTIFIER = uk.co.silentflute.UsePackageTests;
				PRODUCT_NAME = "$(TARGET_NAME)";
				SWIFT_EMIT_LOC_STRINGS = NO;
				SWIFT_VERSION = 5.0;
				TARGETED_DEVICE_FAMILY = "1,2";
				TEST_HOST = "$(BUILT_PRODUCTS_DIR)/UsePackage.app/$(BUNDLE_EXECUTABLE_FOLDER_PATH)/UsePackage";
			};
			name = Release;
		};
		4D623EF62BEC64BE004777E5 /* Debug */ = {
			isa = XCBuildConfiguration;
			buildSettings = {
				ALWAYS_EMBED_SWIFT_STANDARD_LIBRARIES = YES;
				CODE_SIGN_STYLE = Automatic;
				CURRENT_PROJECT_VERSION = 1;
				DEVELOPMENT_TEAM = A48R25Y4D5;
				GENERATE_INFOPLIST_FILE = YES;
				MARKETING_VERSION = 1.0;
				PRODUCT_BUNDLE_IDENTIFIER = uk.co.silentflute.UsePackageUITests;
				PRODUCT_NAME = "$(TARGET_NAME)";
				SWIFT_EMIT_LOC_STRINGS = NO;
				SWIFT_VERSION = 5.0;
				TARGETED_DEVICE_FAMILY = "1,2";
				TEST_TARGET_NAME = UsePackage;
			};
			name = Debug;
		};
		4D623EF72BEC64BE004777E5 /* Release */ = {
			isa = XCBuildConfiguration;
			buildSettings = {
				ALWAYS_EMBED_SWIFT_STANDARD_LIBRARIES = YES;
				CODE_SIGN_STYLE = Automatic;
				CURRENT_PROJECT_VERSION = 1;
				DEVELOPMENT_TEAM = A48R25Y4D5;
				GENERATE_INFOPLIST_FILE = YES;
				MARKETING_VERSION = 1.0;
				PRODUCT_BUNDLE_IDENTIFIER = uk.co.silentflute.UsePackageUITests;
				PRODUCT_NAME = "$(TARGET_NAME)";
				SWIFT_EMIT_LOC_STRINGS = NO;
				SWIFT_VERSION = 5.0;
				TARGETED_DEVICE_FAMILY = "1,2";
				TEST_TARGET_NAME = UsePackage;
			};
			name = Release;
		};
/* End XCBuildConfiguration section */

/* Begin XCConfigurationList section */
		4D623EC62BEC64BC004777E5 /* Build configuration list for PBXProject "UsePackage" */ = {
			isa = XCConfigurationList;
			buildConfigurations = (
				4D623EED2BEC64BE004777E5 /* Debug */,
				4D623EEE2BEC64BE004777E5 /* Release */,
			);
			defaultConfigurationIsVisible = 0;
			defaultConfigurationName = Release;
		};
		4D623EEF2BEC64BE004777E5 /* Build configuration list for PBXNativeTarget "UsePackage" */ = {
			isa = XCConfigurationList;
			buildConfigurations = (
				4D623EF02BEC64BE004777E5 /* Debug */,
				4D623EF12BEC64BE004777E5 /* Release */,
			);
			defaultConfigurationIsVisible = 0;
			defaultConfigurationName = Release;
		};
		4D623EF22BEC64BE004777E5 /* Build configuration list for PBXNativeTarget "UsePackageTests" */ = {
			isa = XCConfigurationList;
			buildConfigurations = (
				4D623EF32BEC64BE004777E5 /* Debug */,
				4D623EF42BEC64BE004777E5 /* Release */,
			);
			defaultConfigurationIsVisible = 0;
			defaultConfigurationName = Release;
		};
		4D623EF52BEC64BE004777E5 /* Build configuration list for PBXNativeTarget "UsePackageUITests" */ = {
			isa = XCConfigurationList;
			buildConfigurations = (
				4D623EF62BEC64BE004777E5 /* Debug */,
				4D623EF72BEC64BE004777E5 /* Release */,
			);
			defaultConfigurationIsVisible = 0;
			defaultConfigurationName = Release;
		};
/* End XCConfigurationList section */
	};
	rootObject = 4D623EC32BEC64BC004777E5 /* Project object */;
}
